
Microsoft Visual Studio Solution File, Format Version 12.00
# Visual Studio Version 16
VisualStudioVersion = 16.0.32602.291
MinimumVisualStudioVersion = 10.0.40219.1
Project("{FAE04EC0-301F-11D3-BF4B-00C04F79EFBC}") = "ShinyColors_STEP_MaximumSimulator", "ShinyColors_STEP_MaximumSimulator\ShinyColors_STEP_MaximumSimulator.csproj", "{2E45BADC-8C84-4422-9B23-181F99123B90}"
EndProject
Global
	GlobalSection(SolutionConfigurationPlatforms) = preSolution
		Debug|Any CPU = Debug|Any CPU
		Release|Any CPU = Release|Any CPU
	EndGlobalSection
	GlobalSection(ProjectConfigurationPlatforms) = postSolution
		{2E45BADC-8C84-4422-9B23-181F99123B90}.Debug|Any CPU.ActiveCfg = Debug|Any CPU
		{2E45BADC-8C84-4422-9B23-181F99123B90}.Debug|Any CPU.Build.0 = Debug|Any CPU
		{2E45BADC-8C84-4422-9B23-181F99123B90}.Release|Any CPU.ActiveCfg = Release|Any CPU
		{2E45BADC-8C84-4422-9B23-181F99123B90}.Release|Any CPU.Build.0 = Release|Any CPU
	EndGlobalSection
	GlobalSection(SolutionProperties) = preSolution
		HideSolutionNode = FALSE
	EndGlobalSection
	GlobalSection(ExtensibilityGlobals) = postSolution
		SolutionGuid = {20222961-B025-4EBB-BACC-7E8F6472E546}
	EndGlobalSection
EndGlobal
